{
  "name": "fantastical",
  "version": "0.0.1",
  "lockfileVersion": 1,
  "dependencies": {
    "lodash.capitalize": {
      "version": "4.2.1",
      "resolved": "https://registry.npmjs.org/lodash.capitalize/-/lodash.capitalize-4.2.1.tgz",
      "integrity": "sha1-+CbJtOKoUR2E46yinbBeGk87cqk="
    },
    "lodash.endswith": {
      "version": "4.2.1",
      "resolved": "https://registry.npmjs.org/lodash.endswith/-/lodash.endswith-4.2.1.tgz",
      "integrity": "sha1-/tWawXOO0+I27dcGTsRWRIs3vAk="
    },
    "lodash.includes": {
      "version": "4.3.0",
      "resolved": "https://registry.npmjs.org/lodash.includes/-/lodash.includes-4.3.0.tgz",
      "integrity": "sha1-YLuYqHy5I8aMoeUTJUgzFISfVT8="
    },
    "lodash.sample": {
      "version": "4.2.1",
      "resolved": "https://registry.npmjs.org/lodash.sample/-/lodash.sample-4.2.1.tgz",
      "integrity": "sha1-XkKRsMdT+hq+sKq4+ynfG2bwf20="
    }
  }
}
